<?xml version="1.0" encoding="utf-8"?>
<Project ToolsVersion="4.0" xmlns="http://schemas.microsoft.com/developer/msbuild/2003">
  <ItemGroup>
    <Filter Include="Source Files">
      <UniqueIdentifier>{4FC737F1-C7A5-4376-A066-2A32D752A2FF}</UniqueIdentifier>
      <Extensions>cpp;c;cc;cxx;c++;cppm;ixx;def;odl;idl;hpj;bat;asm;asmx</Extensions>
    </Filter>
    <Filter Include="Header Files">
      <UniqueIdentifier>{93995380-89BD-4b04-88EB-625FBE52EBFB}</UniqueIdentifier>
      <Extensions>h;hh;hpp;hxx;h++;hm;inl;inc;ipp;xsd</Extensions>
    </Filter>
    <Filter Include="Resource Files">
      <UniqueIdentifier>{67DA6AB6-F800-4c08-8B7A-83BB121AAD01}</UniqueIdentifier>
      <Extensions>rc;ico;cur;bmp;dlg;rc2;rct;bin;rgs;gif;jpg;jpeg;jpe;resx;tiff;tif;png;wav;mfcribbon-ms</Extensions>
    </Filter>
    <Filter Include="Source Files\GameEngine">
      <UniqueIdentifier>{c979f8cf-bb63-456f-9b3a-f1b8a8128788}</UniqueIdentifier>
    </Filter>
    <Filter Include="Header Files\GameEngine">
      <UniqueIdentifier>{45322dfc-d3a9-4b9d-b0dd-a88c900fcbbd}</UniqueIdentifier>
    </Filter>
    <Filter Include="Header Files\RenderingEngine">
      <UniqueIdentifier>{0848274f-5e8d-4c87-9b24-f88d0d74152e}</UniqueIdentifier>
    </Filter>
    <Filter Include="Source Files\RenderingEngine">
      <UniqueIdentifier>{1aa5a089-d3a0-48ac-8bce-40ae965c16ae}</UniqueIdentifier>
    </Filter>
  </ItemGroup>
  <ItemGroup>
    <ClCompile Include="Source.cpp">
      <Filter>Source Files</Filter>
    </ClCompile>
    <ClCompile Include="Engine.cpp">
      <Filter>Source Files\GameEngine</Filter>
    </ClCompile>
    <ClCompile Include="GameObject.cpp">
      <Filter>Source Files\GameEngine</Filter>
    </ClCompile>
    <ClCompile Include="InputSystem.cpp">
      <Filter>Source Files\GameEngine</Filter>
    </ClCompile>
    <ClCompile Include="InstanceManager.cpp">
      <Filter>Source Files\GameEngine</Filter>
    </ClCompile>
    <ClCompile Include="Scene.cpp">
      <Filter>Source Files\GameEngine</Filter>
    </ClCompile>
    <ClCompile Include="SceneManager.cpp">
      <Filter>Source Files\GameEngine</Filter>
    </ClCompile>
    <ClCompile Include="WindowManager.cpp">
      <Filter>Source Files\GameEngine</Filter>
    </ClCompile>
    <ClCompile Include="TimingSystem.cpp">
      <Filter>Source Files\GameEngine</Filter>
    </ClCompile>
    <ClCompile Include="RenderingEngine\Camera.cpp">
      <Filter>Source Files\RenderingEngine</Filter>
    </ClCompile>
    <ClCompile Include="RenderingEngine\Material.cpp">
      <Filter>Source Files\RenderingEngine</Filter>
    </ClCompile>
    <ClCompile Include="RenderingEngine\RenderComponent.cpp">
      <Filter>Source Files\RenderingEngine</Filter>
    </ClCompile>
    <ClCompile Include="RenderingEngine\RenderManager.cpp">
      <Filter>Source Files\RenderingEngine</Filter>
    </ClCompile>
    <ClCompile Include="RenderingEngine\Shader.cpp">
      <Filter>Source Files\RenderingEngine</Filter>
    </ClCompile>
  </ItemGroup>
  <ItemGroup>
    <ClInclude Include="Component.h">
      <Filter>Header Files\GameEngine</Filter>
    </ClInclude>
    <ClInclude Include="Engine.h">
      <Filter>Header Files\GameEngine</Filter>
    </ClInclude>
    <ClInclude Include="GameObject.h">
      <Filter>Header Files\GameEngine</Filter>
    </ClInclude>
    <ClInclude Include="InputSystem.h">
      <Filter>Header Files\GameEngine</Filter>
    </ClInclude>
    <ClInclude Include="InstanceManager.h">
      <Filter>Header Files\GameEngine</Filter>
    </ClInclude>
    <ClInclude Include="Manager.h">
      <Filter>Header Files\GameEngine</Filter>
    </ClInclude>
    <ClInclude Include="Scene.h">
      <Filter>Header Files\GameEngine</Filter>
    </ClInclude>
    <ClInclude Include="SceneManager.h">
      <Filter>Header Files\GameEngine</Filter>
    </ClInclude>
    <ClInclude Include="TimingSystem.h">
      <Filter>Header Files\GameEngine</Filter>
    </ClInclude>
    <ClInclude Include="WindowManager.h">
      <Filter>Header Files\GameEngine</Filter>
    </ClInclude>
    <ClInclude Include="GMath.h">
      <Filter>Header Files\GameEngine</Filter>
    </ClInclude>
    <ClInclude Include="RenderingEngine\Camera.h">
      <Filter>Header Files\RenderingEngine</Filter>
    </ClInclude>
    <ClInclude Include="RenderingEngine\Material.h">
      <Filter>Header Files\RenderingEngine</Filter>
    </ClInclude>
    <ClInclude Include="RenderingEngine\RenderComponent.h">
      <Filter>Header Files\RenderingEngine</Filter>
    </ClInclude>
    <ClInclude Include="RenderingEngine\RenderManager.h">
      <Filter>Header Files\RenderingEngine</Filter>
    </ClInclude>
    <ClInclude Include="RenderingEngine\Shader.h">
      <Filter>Header Files\RenderingEngine</Filter>
    </ClInclude>
  </ItemGroup>
</Project>