<?xml version="1.0" encoding="utf-8"?>
<Project ToolsVersion="4.0" xmlns="http://schemas.microsoft.com/developer/msbuild/2003">
  <ItemGroup>
    <Filter Include="Source Files">
      <UniqueIdentifier>{4FC737F1-C7A5-4376-A066-2A32D752A2FF}</UniqueIdentifier>
      <Extensions>cpp;c;cc;cxx;c++;cppm;ixx;def;odl;idl;hpj;bat;asm;asmx</Extensions>
    </Filter>
    <Filter Include="Header Files">
      <UniqueIdentifier>{93995380-89BD-4b04-88EB-625FBE52EBFB}</UniqueIdentifier>
      <Extensions>h;hh;hpp;hxx;h++;hm;inl;inc;ipp;xsd</Extensions>
    </Filter>
    <Filter Include="Resource Files">
      <UniqueIdentifier>{67DA6AB6-F800-4c08-8B7A-83BB121AAD01}</UniqueIdentifier>
      <Extensions>rc;ico;cur;bmp;dlg;rc2;rct;bin;rgs;gif;jpg;jpeg;jpe;resx;tiff;tif;png;wav;mfcribbon-ms</Extensions>
    </Filter>
    <Filter Include="Source Files\GameEngine">
      <UniqueIdentifier>{c979f8cf-bb63-456f-9b3a-f1b8a8128788}</UniqueIdentifier>
    </Filter>
    <Filter Include="Header Files\GameEngine">
      <UniqueIdentifier>{45322dfc-d3a9-4b9d-b0dd-a88c900fcbbd}</UniqueIdentifier>
    </Filter>
    <Filter Include="Header Files\RenderingEngine">
      <UniqueIdentifier>{0848274f-5e8d-4c87-9b24-f88d0d74152e}</UniqueIdentifier>
    </Filter>
    <Filter Include="Source Files\RenderingEngine">
      <UniqueIdentifier>{1aa5a089-d3a0-48ac-8bce-40ae965c16ae}</UniqueIdentifier>
    </Filter>
    <Filter Include="Header Files\GameEngine\jsonSerialization">
      <UniqueIdentifier>{141c892e-c29d-40c5-ab1a-6594b0710c77}</UniqueIdentifier>
    </Filter>
    <Filter Include="Source Files\GameEngine\jsonSerialization">
      <UniqueIdentifier>{7240456c-201a-4db7-8a3a-5480af81f61c}</UniqueIdentifier>
    </Filter>
    <Filter Include="Source Files\GameEngine\Managers">
      <UniqueIdentifier>{4c41c15e-6752-43b4-b483-003b0658ccfa}</UniqueIdentifier>
    </Filter>
    <Filter Include="Header Files\GameEngine\Managers">
      <UniqueIdentifier>{a697d025-3d99-4c19-8762-f9e91b656dc3}</UniqueIdentifier>
    </Filter>
    <Filter Include="Header Files\GameEngine\UtilityHeaders">
      <UniqueIdentifier>{ef7b069b-f4a8-4252-aa69-c26e2acd1d51}</UniqueIdentifier>
    </Filter>
    <Filter Include="Source Files\GameEngine\Utility">
      <UniqueIdentifier>{fe042225-99a5-4f29-aebd-b72b696e45a6}</UniqueIdentifier>
    </Filter>
    <Filter Include="Header Files\RenderingEngine\UI">
      <UniqueIdentifier>{5dbe4d8b-24fe-49cf-8863-b5d885a68cd8}</UniqueIdentifier>
    </Filter>
    <Filter Include="Source Files\RenderingEngine\UI">
      <UniqueIdentifier>{17cbbff6-0f70-490d-955e-83e03464deae}</UniqueIdentifier>
    </Filter>
    <Filter Include="Header Files\RenderingEngine\3D">
      <UniqueIdentifier>{173ebdf9-4958-43c6-9c55-4f85923fe18d}</UniqueIdentifier>
    </Filter>
    <Filter Include="Source Files\RenderingEngine\3D">
      <UniqueIdentifier>{7b567f29-5e23-4496-b8c8-49ea64a912c0}</UniqueIdentifier>
    </Filter>
    <Filter Include="Header Files\RenderingEngine\2D">
      <UniqueIdentifier>{1635fc4d-51db-4a10-af4e-f3987fbb00f6}</UniqueIdentifier>
    </Filter>
    <Filter Include="Source Files\RenderingEngine\2D">
      <UniqueIdentifier>{ba55b42b-30ad-4a8e-bff7-33bdf24f20df}</UniqueIdentifier>
    </Filter>
    <Filter Include="Header Files\PysicsEngine">
      <UniqueIdentifier>{e4a5165f-e869-48fb-9df3-26e221fb0316}</UniqueIdentifier>
    </Filter>
    <Filter Include="Source Files\PhysicsEngine">
      <UniqueIdentifier>{d4525b64-c1cc-45c2-bb7d-bc38811d3eeb}</UniqueIdentifier>
    </Filter>
    <Filter Include="Source Files\GameEngine\Components">
      <UniqueIdentifier>{f27476d2-e6de-4ea9-bf88-11c665e01e80}</UniqueIdentifier>
    </Filter>
    <Filter Include="Header Files\GameEngine\Components">
      <UniqueIdentifier>{a89aa48f-3fff-426c-8cc5-9003fdf48a9c}</UniqueIdentifier>
    </Filter>
  </ItemGroup>
  <ItemGroup>
    <ClCompile Include="Source.cpp">
      <Filter>Source Files</Filter>
    </ClCompile>
    <ClCompile Include="Engine.cpp">
      <Filter>Source Files\GameEngine</Filter>
    </ClCompile>
    <ClCompile Include="GameObject.cpp">
      <Filter>Source Files\GameEngine</Filter>
    </ClCompile>
    <ClCompile Include="InputSystem.cpp">
      <Filter>Source Files\GameEngine</Filter>
    </ClCompile>
    <ClCompile Include="Scene.cpp">
      <Filter>Source Files\GameEngine</Filter>
    </ClCompile>
    <ClCompile Include="TimingSystem.cpp">
      <Filter>Source Files\GameEngine</Filter>
    </ClCompile>
    <ClCompile Include="RenderingEngine\Camera.cpp">
      <Filter>Source Files\RenderingEngine</Filter>
    </ClCompile>
    <ClCompile Include="RenderingEngine\Material.cpp">
      <Filter>Source Files\RenderingEngine</Filter>
    </ClCompile>
    <ClCompile Include="RenderingEngine\RenderComponent.cpp">
      <Filter>Source Files\RenderingEngine</Filter>
    </ClCompile>
    <ClCompile Include="RenderingEngine\RenderManager.cpp">
      <Filter>Source Files\RenderingEngine</Filter>
    </ClCompile>
    <ClCompile Include="RenderingEngine\Shader.cpp">
      <Filter>Source Files\RenderingEngine</Filter>
    </ClCompile>
    <ClCompile Include="RenderingEngine\PBRMaterial.cpp">
      <Filter>Source Files\RenderingEngine</Filter>
    </ClCompile>
    <ClCompile Include="RenderingEngine\RenderingPipeline.cpp">
      <Filter>Source Files\RenderingEngine</Filter>
    </ClCompile>
    <ClCompile Include="RenderingEngine\RenderQueue.cpp">
      <Filter>Source Files\RenderingEngine</Filter>
    </ClCompile>
    <ClCompile Include="RenderingEngine\Gbuffer.cpp">
      <Filter>Source Files\RenderingEngine</Filter>
    </ClCompile>
    <ClCompile Include="RenderingEngine\PostProcessor.cpp">
      <Filter>Source Files\RenderingEngine</Filter>
    </ClCompile>
    <ClCompile Include="SceneSerializer.cpp">
      <Filter>Source Files\GameEngine</Filter>
    </ClCompile>
    <ClCompile Include="JSONValue.cpp">
      <Filter>Source Files\GameEngine\jsonSerialization</Filter>
    </ClCompile>
    <ClCompile Include="JSONParser.cpp">
      <Filter>Source Files\GameEngine\jsonSerialization</Filter>
    </ClCompile>
    <ClCompile Include="WindowManager.cpp">
      <Filter>Source Files\GameEngine\Managers</Filter>
    </ClCompile>
    <ClCompile Include="SceneManager.cpp">
      <Filter>Source Files\GameEngine\Managers</Filter>
    </ClCompile>
    <ClCompile Include="ResourceManager.cpp">
      <Filter>Source Files\GameEngine\Managers</Filter>
    </ClCompile>
    <ClCompile Include="InstanceManager.cpp">
      <Filter>Source Files\GameEngine\Managers</Filter>
    </ClCompile>
    <ClCompile Include="Logger.cpp">
      <Filter>Source Files\GameEngine\Utility</Filter>
    </ClCompile>
    <ClCompile Include="RenderingEngine\Button.cpp">
      <Filter>Source Files\RenderingEngine\UI</Filter>
    </ClCompile>
    <ClCompile Include="RenderingEngine\UISystem.cpp">
      <Filter>Source Files\RenderingEngine\UI</Filter>
    </ClCompile>
    <ClCompile Include="RenderingEngine\Light.cpp">
      <Filter>Source Files\RenderingEngine\3D</Filter>
    </ClCompile>
    <ClCompile Include="RenderingEngine\LightBaker.cpp">
      <Filter>Source Files\RenderingEngine\3D</Filter>
    </ClCompile>
    <ClCompile Include="RenderingEngine\LightManager.cpp">
      <Filter>Source Files\RenderingEngine\3D</Filter>
    </ClCompile>
    <ClCompile Include="RenderingEngine\ParticleSystem.cpp">
      <Filter>Source Files\RenderingEngine\3D</Filter>
    </ClCompile>
    <ClCompile Include="RenderingEngine\Mesh.cpp">
      <Filter>Source Files\RenderingEngine\3D</Filter>
    </ClCompile>
    <ClCompile Include="RenderingEngine\ShadowMapper.cpp">
      <Filter>Source Files\RenderingEngine\3D</Filter>
    </ClCompile>
    <ClCompile Include="RenderingEngine\SpriteRenderer.cpp">
      <Filter>Source Files\RenderingEngine\2D</Filter>
    </ClCompile>
    <ClCompile Include="RenderingEngine\TileMap.cpp">
      <Filter>Source Files\RenderingEngine\2D</Filter>
    </ClCompile>
    <ClCompile Include="RenderingEngine\RenderingPipeline2d.cpp">
      <Filter>Source Files\RenderingEngine\2D</Filter>
    </ClCompile>
    <ClCompile Include="PhysicsEngine\BoxCollider.cpp">
      <Filter>Source Files\PhysicsEngine</Filter>
    </ClCompile>
    <ClCompile Include="PhysicsEngine\CapsuleCollider.cpp">
      <Filter>Source Files\PhysicsEngine</Filter>
    </ClCompile>
    <ClCompile Include="PhysicsEngine\PhysicsManager.cpp">
      <Filter>Source Files\PhysicsEngine</Filter>
    </ClCompile>
    <ClCompile Include="PhysicsEngine\PhysicsMaterial.cpp">
      <Filter>Source Files\PhysicsEngine</Filter>
    </ClCompile>
    <ClCompile Include="PhysicsEngine\Rigidbody2D.cpp">
      <Filter>Source Files\PhysicsEngine</Filter>
    </ClCompile>
    <ClCompile Include="PhysicsEngine\RigidBody.cpp">
      <Filter>Source Files\PhysicsEngine</Filter>
    </ClCompile>
    <ClCompile Include="PhysicsEngine\PhysicsWorld.cpp">
      <Filter>Source Files\PhysicsEngine</Filter>
    </ClCompile>
    <ClCompile Include="RenderingEngine\Skybox.cpp">
      <Filter>Source Files\RenderingEngine\3D</Filter>
    </ClCompile>
    <ClCompile Include="RenderingEngine\Effect.cpp">
      <Filter>Source Files\RenderingEngine</Filter>
    </ClCompile>
    <ClCompile Include="Component.cpp">
      <Filter>Source Files\GameEngine\Components</Filter>
    </ClCompile>
    <ClCompile Include="PhysicsEngine\ThermodynamicBodyComponent.cpp">
      <Filter>Source Files\GameEngine\Components</Filter>
    </ClCompile>
    <ClCompile Include="PhysicsEngine\ThermodynamicBody.cpp">
      <Filter>Source Files\PhysicsEngine</Filter>
    </ClCompile>
  </ItemGroup>
  <ItemGroup>
    <ClInclude Include="Component.h">
      <Filter>Header Files\GameEngine</Filter>
    </ClInclude>
    <ClInclude Include="Engine.h">
      <Filter>Header Files\GameEngine</Filter>
    </ClInclude>
    <ClInclude Include="GameObject.h">
      <Filter>Header Files\GameEngine</Filter>
    </ClInclude>
    <ClInclude Include="InputSystem.h">
      <Filter>Header Files\GameEngine</Filter>
    </ClInclude>
    <ClInclude Include="Scene.h">
      <Filter>Header Files\GameEngine</Filter>
    </ClInclude>
    <ClInclude Include="TimingSystem.h">
      <Filter>Header Files\GameEngine</Filter>
    </ClInclude>
    <ClInclude Include="RenderingEngine\Camera.h">
      <Filter>Header Files\RenderingEngine</Filter>
    </ClInclude>
    <ClInclude Include="RenderingEngine\Material.h">
      <Filter>Header Files\RenderingEngine</Filter>
    </ClInclude>
    <ClInclude Include="RenderingEngine\RenderComponent.h">
      <Filter>Header Files\RenderingEngine</Filter>
    </ClInclude>
    <ClInclude Include="RenderingEngine\RenderManager.h">
      <Filter>Header Files\RenderingEngine</Filter>
    </ClInclude>
    <ClInclude Include="RenderingEngine\Shader.h">
      <Filter>Header Files\RenderingEngine</Filter>
    </ClInclude>
    <ClInclude Include="EventSystem.h">
      <Filter>Header Files\GameEngine</Filter>
    </ClInclude>
    <ClInclude Include="RenderingEngine\PBRMaterial.h">
      <Filter>Header Files\RenderingEngine</Filter>
    </ClInclude>
    <ClInclude Include="RenderingEngine\RenderCommand.h">
      <Filter>Header Files\RenderingEngine</Filter>
    </ClInclude>
    <ClInclude Include="RenderingEngine\RenderingPipeline.h">
      <Filter>Header Files\RenderingEngine</Filter>
    </ClInclude>
    <ClInclude Include="RenderingEngine\Gbuffer.h">
      <Filter>Header Files\RenderingEngine</Filter>
    </ClInclude>
    <ClInclude Include="RenderingEngine\PostProcessor.h">
      <Filter>Header Files\RenderingEngine</Filter>
    </ClInclude>
    <ClInclude Include="RenderingEngine\RenderQueue.h">
      <Filter>Header Files\RenderingEngine</Filter>
    </ClInclude>
    <ClInclude Include="RenderingEngine\Effect.h">
      <Filter>Header Files\RenderingEngine</Filter>
    </ClInclude>
    <ClInclude Include="JSONValue.h">
      <Filter>Header Files\GameEngine\jsonSerialization</Filter>
    </ClInclude>
    <ClInclude Include="JSONParser.h">
      <Filter>Header Files\GameEngine\jsonSerialization</Filter>
    </ClInclude>
    <ClInclude Include="SceneSerializer.h">
      <Filter>Header Files\GameEngine</Filter>
    </ClInclude>
    <ClInclude Include="InstanceManager.h">
      <Filter>Header Files\GameEngine\Managers</Filter>
    </ClInclude>
    <ClInclude Include="ResourceManager.h">
      <Filter>Header Files\GameEngine\Managers</Filter>
    </ClInclude>
    <ClInclude Include="SceneManager.h">
      <Filter>Header Files\GameEngine\Managers</Filter>
    </ClInclude>
    <ClInclude Include="WindowManager.h">
      <Filter>Header Files\GameEngine\Managers</Filter>
    </ClInclude>
    <ClInclude Include="Logger.h">
      <Filter>Header Files\GameEngine\UtilityHeaders</Filter>
    </ClInclude>
    <ClInclude Include="GMath.h">
      <Filter>Header Files\GameEngine\UtilityHeaders</Filter>
    </ClInclude>
    <ClInclude Include="Manager.h">
      <Filter>Header Files\GameEngine\Managers</Filter>
    </ClInclude>
    <ClInclude Include="RenderingEngine\Button.h">
      <Filter>Header Files\RenderingEngine\UI</Filter>
    </ClInclude>
    <ClInclude Include="RenderingEngine\UISystem.h">
      <Filter>Header Files\RenderingEngine\UI</Filter>
    </ClInclude>
    <ClInclude Include="RenderingEngine\UIElement.h">
      <Filter>Header Files\RenderingEngine\UI</Filter>
    </ClInclude>
    <ClInclude Include="RenderingEngine\LightBaker.h">
      <Filter>Header Files\RenderingEngine\3D</Filter>
    </ClInclude>
    <ClInclude Include="RenderingEngine\LightManager.h">
      <Filter>Header Files\RenderingEngine\3D</Filter>
    </ClInclude>
    <ClInclude Include="RenderingEngine\Light.h">
      <Filter>Header Files\RenderingEngine\3D</Filter>
    </ClInclude>
    <ClInclude Include="RenderingEngine\Mesh.h">
      <Filter>Header Files\RenderingEngine\3D</Filter>
    </ClInclude>
    <ClInclude Include="RenderingEngine\MeshRendererComponenet.h">
      <Filter>Header Files\RenderingEngine\3D</Filter>
    </ClInclude>
    <ClInclude Include="RenderingEngine\ParticleSystem.h">
      <Filter>Header Files\RenderingEngine\3D</Filter>
    </ClInclude>
    <ClInclude Include="RenderingEngine\ShadowMapper.h">
      <Filter>Header Files\RenderingEngine\3D</Filter>
    </ClInclude>
    <ClInclude Include="RenderingEngine\Vertex3d.h">
      <Filter>Header Files\RenderingEngine\3D</Filter>
    </ClInclude>
    <ClInclude Include="RenderingEngine\TileMap.h">
      <Filter>Header Files\RenderingEngine\2D</Filter>
    </ClInclude>
    <ClInclude Include="RenderingEngine\SpriteRenderer.h">
      <Filter>Header Files\RenderingEngine\2D</Filter>
    </ClInclude>
    <ClInclude Include="RenderingEngine\Sprite.h">
      <Filter>Header Files\RenderingEngine\2D</Filter>
    </ClInclude>
    <ClInclude Include="RenderingEngine\RenderingPipeline2d.h">
      <Filter>Header Files\RenderingEngine\2D</Filter>
    </ClInclude>
    <ClInclude Include="PhysicsEngine\BoxCollider.h">
      <Filter>Header Files\PysicsEngine</Filter>
    </ClInclude>
    <ClInclude Include="PhysicsEngine\CapsuleCollider.h">
      <Filter>Header Files\PysicsEngine</Filter>
    </ClInclude>
    <ClInclude Include="PhysicsEngine\Collider.h">
      <Filter>Header Files\PysicsEngine</Filter>
    </ClInclude>
    <ClInclude Include="PhysicsEngine\PhysicsManager.h">
      <Filter>Header Files\PysicsEngine</Filter>
    </ClInclude>
    <ClInclude Include="PhysicsEngine\PhysicsMaterial.h">
      <Filter>Header Files\PysicsEngine</Filter>
    </ClInclude>
    <ClInclude Include="PhysicsEngine\RigidBody.h">
      <Filter>Header Files\PysicsEngine</Filter>
    </ClInclude>
    <ClInclude Include="PhysicsEngine\Rigidbody2D.h">
      <Filter>Header Files\PysicsEngine</Filter>
    </ClInclude>
    <ClInclude Include="PhysicsEngine\PhysicsWorld.h">
      <Filter>Header Files\PysicsEngine</Filter>
    </ClInclude>
    <ClInclude Include="MeshRendererComponent.h">
      <Filter>Header Files\GameEngine\Components</Filter>
    </ClInclude>
    <ClInclude Include="SpriteRenderComponent.h">
      <Filter>Header Files\GameEngine\Components</Filter>
    </ClInclude>
    <ClInclude Include="CameraComponent.h">
      <Filter>Header Files\GameEngine\Components</Filter>
    </ClInclude>
    <ClInclude Include="RenderingEngine\Skybox.h">
      <Filter>Header Files\RenderingEngine\3D</Filter>
    </ClInclude>
    <ClInclude Include="BoxCollisionComponent.h">
      <Filter>Header Files\GameEngine\Components</Filter>
    </ClInclude>
    <ClInclude Include="CapsuleCollisionComponent.h">
      <Filter>Header Files\GameEngine\Components</Filter>
    </ClInclude>
    <ClInclude Include="RigidbodyComponent.h">
      <Filter>Header Files\GameEngine\Components</Filter>
    </ClInclude>
    <ClInclude Include="Rigidbody2DComponent.h">
      <Filter>Header Files\GameEngine\Components</Filter>
    </ClInclude>
    <ClInclude Include="PhysicsEngine\ThermodynamicBody.h">
      <Filter>Header Files\PysicsEngine</Filter>
    </ClInclude>
    <ClInclude Include="PhysicsEngine\EnvironmentManager.h">
      <Filter>Header Files\PysicsEngine</Filter>
    </ClInclude>
    <ClInclude Include="PhysicsEngine\ThermodynamicBodyComponent.h">
      <Filter>Header Files\GameEngine\Components</Filter>
    </ClInclude>
  </ItemGroup>
  <ItemGroup>
    <None Include="ClassDiagram1.cd" />
  </ItemGroup>
</Project>